// !$*UTF8*$!
{
	archiveVersion = 1;
	classes = {
	};
	objectVersion = 56;
	objects = {

/* Begin PBXBuildFile section */
		C33F981B2A394544007A6178 /* BMIModel.swift in Sources */ = {isa = PBXBuildFile; fileRef = C33F981A2A394544007A6178 /* BMIModel.swift */; };
		C33F981D2A3945DD007A6178 /* BMIBrain.swift in Sources */ = {isa = PBXBuildFile; fileRef = C33F981C2A3945DD007A6178 /* BMIBrain.swift */; };
		C33F981F2A3A113F007A6178 /* ResultController.swift in Sources */ = {isa = PBXBuildFile; fileRef = C33F981E2A3A113F007A6178 /* ResultController.swift */; };
		C3D41E1E2A38D81D00CB0862 /* AppDelegate.swift in Sources */ = {isa = PBXBuildFile; fileRef = C3D41E1D2A38D81D00CB0862 /* AppDelegate.swift */; };
		C3D41E202A38D81D00CB0862 /* SceneDelegate.swift in Sources */ = {isa = PBXBuildFile; fileRef = C3D41E1F2A38D81D00CB0862 /* SceneDelegate.swift */; };
		C3D41E222A38D81D00CB0862 /* BMIController.swift in Sources */ = {isa = PBXBuildFile; fileRef = C3D41E212A38D81D00CB0862 /* BMIController.swift */; };
		C3D41E252A38D81D00CB0862 /* Main.storyboard in Resources */ = {isa = PBXBuildFile; fileRef = C3D41E232A38D81D00CB0862 /* Main.storyboard */; };
		C3D41E272A38D81F00CB0862 /* Assets.xcassets in Resources */ = {isa = PBXBuildFile; fileRef = C3D41E262A38D81F00CB0862 /* Assets.xcassets */; };
		C3D41E2A2A38D81F00CB0862 /* LaunchScreen.storyboard in Resources */ = {isa = PBXBuildFile; fileRef = C3D41E282A38D81F00CB0862 /* LaunchScreen.storyboard */; };
		C3D41E352A38D81F00CB0862 /* BMI_CalculatorTests.swift in Sources */ = {isa = PBXBuildFile; fileRef = C3D41E342A38D81F00CB0862 /* BMI_CalculatorTests.swift */; };
		C3D41E3F2A38D81F00CB0862 /* BMI_CalculatorUITests.swift in Sources */ = {isa = PBXBuildFile; fileRef = C3D41E3E2A38D81F00CB0862 /* BMI_CalculatorUITests.swift */; };
		C3D41E412A38D81F00CB0862 /* BMI_CalculatorUITestsLaunchTests.swift in Sources */ = {isa = PBXBuildFile; fileRef = C3D41E402A38D81F00CB0862 /* BMI_CalculatorUITestsLaunchTests.swift */; };
/* End PBXBuildFile section */

/* Begin PBXContainerItemProxy section */
		C3D41E312A38D81F00CB0862 /* PBXContainerItemProxy */ = {
			isa = PBXContainerItemProxy;
			containerPortal = C3D41E122A38D81D00CB0862 /* Project object */;
			proxyType = 1;
			remoteGlobalIDString = C3D41E192A38D81D00CB0862;
			remoteInfo = "BMI Calculator";
		};
		C3D41E3B2A38D81F00CB0862 /* PBXContainerItemProxy */ = {
			isa = PBXContainerItemProxy;
			containerPortal = C3D41E122A38D81D00CB0862 /* Project object */;
			proxyType = 1;
			remoteGlobalIDString = C3D41E192A38D81D00CB0862;
			remoteInfo = "BMI Calculator";
		};
/* End PBXContainerItemProxy section */

/* Begin PBXFileReference section */
		C33F981A2A394544007A6178 /* BMIModel.swift */ = {isa = PBXFileReference; lastKnownFileType = sourcecode.swift; path = BMIModel.swift; sourceTree = "<group>"; };
		C33F981C2A3945DD007A6178 /* BMIBrain.swift */ = {isa = PBXFileReference; lastKnownFileType = sourcecode.swift; path = BMIBrain.swift; sourceTree = "<group>"; };
		C33F981E2A3A113F007A6178 /* ResultController.swift */ = {isa = PBXFileReference; lastKnownFileType = sourcecode.swift; path = ResultController.swift; sourceTree = "<group>"; };
		C3D41E1A2A38D81D00CB0862 /* BMI Calculator.app */ = {isa = PBXFileReference; explicitFileType = wrapper.application; includeInIndex = 0; path = "BMI Calculator.app"; sourceTree = BUILT_PRODUCTS_DIR; };
		C3D41E1D2A38D81D00CB0862 /* AppDelegate.swift */ = {isa = PBXFileReference; lastKnownFileType = sourcecode.swift; path = AppDelegate.swift; sourceTree = "<group>"; };
		C3D41E1F2A38D81D00CB0862 /* SceneDelegate.swift */ = {isa = PBXFileReference; lastKnownFileType = sourcecode.swift; path = SceneDelegate.swift; sourceTree = "<group>"; };
		C3D41E212A38D81D00CB0862 /* BMIController.swift */ = {isa = PBXFileReference; lastKnownFileType = sourcecode.swift; path = BMIController.swift; sourceTree = "<group>"; };
		C3D41E242A38D81D00CB0862 /* Base */ = {isa = PBXFileReference; lastKnownFileType = file.storyboard; name = Base; path = Base.lproj/Main.storyboard; sourceTree = "<group>"; };
		C3D41E262A38D81F00CB0862 /* Assets.xcassets */ = {isa = PBXFileReference; lastKnownFileType = folder.assetcatalog; path = Assets.xcassets; sourceTree = "<group>"; };
		C3D41E292A38D81F00CB0862 /* Base */ = {isa = PBXFileReference; lastKnownFileType = file.storyboard; name = Base; path = Base.lproj/LaunchScreen.storyboard; sourceTree = "<group>"; };
		C3D41E2B2A38D81F00CB0862 /* Info.plist */ = {isa = PBXFileReference; lastKnownFileType = text.plist.xml; path = Info.plist; sourceTree = "<group>"; };
		C3D41E302A38D81F00CB0862 /* BMI CalculatorTests.xctest */ = {isa = PBXFileReference; explicitFileType = wrapper.cfbundle; includeInIndex = 0; path = "BMI CalculatorTests.xctest"; sourceTree = BUILT_PRODUCTS_DIR; };
		C3D41E342A38D81F00CB0862 /* BMI_CalculatorTests.swift */ = {isa = PBXFileReference; lastKnownFileType = sourcecode.swift; path = BMI_CalculatorTests.swift; sourceTree = "<group>"; };
		C3D41E3A2A38D81F00CB0862 /* BMI CalculatorUITests.xctest */ = {isa = PBXFileReference; explicitFileType = wrapper.cfbundle; includeInIndex = 0; path = "BMI CalculatorUITests.xctest"; sourceTree = BUILT_PRODUCTS_DIR; };
		C3D41E3E2A38D81F00CB0862 /* BMI_CalculatorUITests.swift */ = {isa = PBXFileReference; lastKnownFileType = sourcecode.swift; path = BMI_CalculatorUITests.swift; sourceTree = "<group>"; };
		C3D41E402A38D81F00CB0862 /* BMI_CalculatorUITestsLaunchTests.swift */ = {isa = PBXFileReference; lastKnownFileType = sourcecode.swift; path = BMI_CalculatorUITestsLaunchTests.swift; sourceTree = "<group>"; };
/* End PBXFileReference section */

/* Begin PBXFrameworksBuildPhase section */
		C3D41E172A38D81D00CB0862 /* Frameworks */ = {
			isa = PBXFrameworksBuildPhase;
			buildActionMask = 2147483647;
			files = (
			);
			runOnlyForDeploymentPostprocessing = 0;
		};
		C3D41E2D2A38D81F00CB0862 /* Frameworks */ = {
			isa = PBXFrameworksBuildPhase;
			buildActionMask = 2147483647;
			files = (
			);
			runOnlyForDeploymentPostprocessing = 0;
		};
		C3D41E372A38D81F00CB0862 /* Frameworks */ = {
			isa = PBXFrameworksBuildPhase;
			buildActionMask = 2147483647;
			files = (
			);
			runOnlyForDeploymentPostprocessing = 0;
		};
/* End PBXFrameworksBuildPhase section */

/* Begin PBXGroup section */
		C3D41E112A38D81D00CB0862 = {
			isa = PBXGroup;
			children = (
				C3D41E1C2A38D81D00CB0862 /* BMI Calculator */,
				C3D41E332A38D81F00CB0862 /* BMI CalculatorTests */,
				C3D41E3D2A38D81F00CB0862 /* BMI CalculatorUITests */,
				C3D41E1B2A38D81D00CB0862 /* Products */,
			);
			sourceTree = "<group>";
		};
		C3D41E1B2A38D81D00CB0862 /* Products */ = {
			isa = PBXGroup;
			children = (
				C3D41E1A2A38D81D00CB0862 /* BMI Calculator.app */,
				C3D41E302A38D81F00CB0862 /* BMI CalculatorTests.xctest */,
				C3D41E3A2A38D81F00CB0862 /* BMI CalculatorUITests.xctest */,
			);
			name = Products;
			sourceTree = "<group>";
		};
		C3D41E1C2A38D81D00CB0862 /* BMI Calculator */ = {
			isa = PBXGroup;
			children = (
				C3D41E1D2A38D81D00CB0862 /* AppDelegate.swift */,
				C3D41E1F2A38D81D00CB0862 /* SceneDelegate.swift */,
				C3D41E4F2A38D86100CB0862 /* Model */,
				C3D41E4D2A38D85000CB0862 /* Controller */,
				C3D41E4E2A38D85800CB0862 /* View */,
				C3D41E262A38D81F00CB0862 /* Assets.xcassets */,
				C3D41E282A38D81F00CB0862 /* LaunchScreen.storyboard */,
				C3D41E2B2A38D81F00CB0862 /* Info.plist */,
			);
			path = "BMI Calculator";
			sourceTree = "<group>";
		};
		C3D41E332A38D81F00CB0862 /* BMI CalculatorTests */ = {
			isa = PBXGroup;
			children = (
				C3D41E342A38D81F00CB0862 /* BMI_CalculatorTests.swift */,
			);
			path = "BMI CalculatorTests";
			sourceTree = "<group>";
		};
		C3D41E3D2A38D81F00CB0862 /* BMI CalculatorUITests */ = {
			isa = PBXGroup;
			children = (
				C3D41E3E2A38D81F00CB0862 /* BMI_CalculatorUITests.swift */,
				C3D41E402A38D81F00CB0862 /* BMI_CalculatorUITestsLaunchTests.swift */,
			);
			path = "BMI CalculatorUITests";
			sourceTree = "<group>";
		};
		C3D41E4D2A38D85000CB0862 /* Controller */ = {
			isa = PBXGroup;
			children = (
				C3D41E212A38D81D00CB0862 /* BMIController.swift */,
				C33F981E2A3A113F007A6178 /* ResultController.swift */,
			);
			path = Controller;
			sourceTree = "<group>";
		};
		C3D41E4E2A38D85800CB0862 /* View */ = {
			isa = PBXGroup;
			children = (
				C3D41E232A38D81D00CB0862 /* Main.storyboard */,
			);
			path = View;
			sourceTree = "<group>";
		};
		C3D41E4F2A38D86100CB0862 /* Model */ = {
			isa = PBXGroup;
			children = (
				C33F981A2A394544007A6178 /* BMIModel.swift */,
				C33F981C2A3945DD007A6178 /* BMIBrain.swift */,
			);
			path = Model;
			sourceTree = "<group>";
		};
/* End PBXGroup section */

/* Begin PBXNativeTarget section */
		C3D41E192A38D81D00CB0862 /* BMI Calculator */ = {
			isa = PBXNativeTarget;
			buildConfigurationList = C3D41E442A38D81F00CB0862 /* Build configuration list for PBXNativeTarget "BMI Calculator" */;
			buildPhases = (
				C3D41E162A38D81D00CB0862 /* Sources */,
				C3D41E172A38D81D00CB0862 /* Frameworks */,
				C3D41E182A38D81D00CB0862 /* Resources */,
			);
			buildRules = (
			);
			dependencies = (
			);
			name = "BMI Calculator";
			productName = "BMI Calculator";
			productReference = C3D41E1A2A38D81D00CB0862 /* BMI Calculator.app */;
			productType = "com.apple.product-type.application";
		};
		C3D41E2F2A38D81F00CB0862 /* BMI CalculatorTests */ = {
			isa = PBXNativeTarget;
			buildConfigurationList = C3D41E472A38D81F00CB0862 /* Build configuration list for PBXNativeTarget "BMI CalculatorTests" */;
			buildPhases = (
				C3D41E2C2A38D81F00CB0862 /* Sources */,
				C3D41E2D2A38D81F00CB0862 /* Frameworks */,
				C3D41E2E2A38D81F00CB0862 /* Resources */,
			);
			buildRules = (
			);
			dependencies = (
				C3D41E322A38D81F00CB0862 /* PBXTargetDependency */,
			);
			name = "BMI CalculatorTests";
			productName = "BMI CalculatorTests";
			productReference = C3D41E302A38D81F00CB0862 /* BMI CalculatorTests.xctest */;
			productType = "com.apple.product-type.bundle.unit-test";
		};
		C3D41E392A38D81F00CB0862 /* BMI CalculatorUITests */ = {
			isa = PBXNativeTarget;
			buildConfigurationList = C3D41E4A2A38D81F00CB0862 /* Build configuration list for PBXNativeTarget "BMI CalculatorUITests" */;
			buildPhases = (
				C3D41E362A38D81F00CB0862 /* Sources */,
				C3D41E372A38D81F00CB0862 /* Frameworks */,
				C3D41E382A38D81F00CB0862 /* Resources */,
			);
			buildRules = (
			);
			dependencies = (
				C3D41E3C2A38D81F00CB0862 /* PBXTargetDependency */,
			);
			name = "BMI CalculatorUITests";
			productName = "BMI CalculatorUITests";
			productReference = C3D41E3A2A38D81F00CB0862 /* BMI CalculatorUITests.xctest */;
			productType = "com.apple.product-type.bundle.ui-testing";
		};
/* End PBXNativeTarget section */

/* Begin PBXProject section */
		C3D41E122A38D81D00CB0862 /* Project object */ = {
			isa = PBXProject;
			attributes = {
				BuildIndependentTargetsInParallel = 1;
				LastSwiftUpdateCheck = 1430;
				LastUpgradeCheck = 1430;
				TargetAttributes = {
					C3D41E192A38D81D00CB0862 = {
						CreatedOnToolsVersion = 14.3;
					};
					C3D41E2F2A38D81F00CB0862 = {
						CreatedOnToolsVersion = 14.3;
						TestTargetID = C3D41E192A38D81D00CB0862;
					};
					C3D41E392A38D81F00CB0862 = {
						CreatedOnToolsVersion = 14.3;
						TestTargetID = C3D41E192A38D81D00CB0862;
					};
				};
			};
			buildConfigurationList = C3D41E152A38D81D00CB0862 /* Build configuration list for PBXProject "BMI Calculator" */;
			compatibilityVersion = "Xcode 14.0";
			developmentRegion = en;
			hasScannedForEncodings = 0;
			knownRegions = (
				en,
				Base,
			);
			mainGroup = C3D41E112A38D81D00CB0862;
			productRefGroup = C3D41E1B2A38D81D00CB0862 /* Products */;
			projectDirPath = "";
			projectRoot = "";
			targets = (
				C3D41E192A38D81D00CB0862 /* BMI Calculator */,
				C3D41E2F2A38D81F00CB0862 /* BMI CalculatorTests */,
				C3D41E392A38D81F00CB0862 /* BMI CalculatorUITests */,
			);
		};
/* End PBXProject section */

/* Begin PBXResourcesBuildPhase section */
		C3D41E182A38D81D00CB0862 /* Resources */ = {
			isa = PBXResourcesBuildPhase;
			buildActionMask = 2147483647;
			files = (
				C3D41E2A2A38D81F00CB0862 /* LaunchScreen.storyboard in Resources */,
				C3D41E272A38D81F00CB0862 /* Assets.xcassets in Resources */,
				C3D41E252A38D81D00CB0862 /* Main.storyboard in Resources */,
			);
			runOnlyForDeploymentPostprocessing = 0;
		};
		C3D41E2E2A38D81F00CB0862 /* Resources */ = {
			isa = PBXResourcesBuildPhase;
			buildActionMask = 2147483647;
			files = (
			);
			runOnlyForDeploymentPostprocessing = 0;
		};
		C3D41E382A38D81F00CB0862 /* Resources */ = {
			isa = PBXResourcesBuildPhase;
			buildActionMask = 2147483647;
			files = (
			);
			runOnlyForDeploymentPostprocessing = 0;
		};
/* End PBXResourcesBuildPhase section */

/* Begin PBXSourcesBuildPhase section */
		C3D41E162A38D81D00CB0862 /* Sources */ = {
			isa = PBXSourcesBuildPhase;
			buildActionMask = 2147483647;
			files = (
				C3D41E222A38D81D00CB0862 /* BMIController.swift in Sources */,
				C3D41E1E2A38D81D00CB0862 /* AppDelegate.swift in Sources */,
				C33F981F2A3A113F007A6178 /* ResultController.swift in Sources */,
				C33F981B2A394544007A6178 /* BMIModel.swift in Sources */,
				C3D41E202A38D81D00CB0862 /* SceneDelegate.swift in Sources */,
				C33F981D2A3945DD007A6178 /* BMIBrain.swift in Sources */,
			);
			runOnlyForDeploymentPostprocessing = 0;
		};
		C3D41E2C2A38D81F00CB0862 /* Sources */ = {
			isa = PBXSourcesBuildPhase;
			buildActionMask = 2147483647;
			files = (
				C3D41E352A38D81F00CB0862 /* BMI_CalculatorTests.swift in Sources */,
			);
			runOnlyForDeploymentPostprocessing = 0;
		};
		C3D41E362A38D81F00CB0862 /* Sources */ = {
			isa = PBXSourcesBuildPhase;
			buildActionMask = 2147483647;
			files = (
				C3D41E3F2A38D81F00CB0862 /* BMI_CalculatorUITests.swift in Sources */,
				C3D41E412A38D81F00CB0862 /* BMI_CalculatorUITestsLaunchTests.swift in Sources */,
			);
			runOnlyForDeploymentPostprocessing = 0;
		};
/* End PBXSourcesBuildPhase section */

/* Begin PBXTargetDependency section */
		C3D41E322A38D81F00CB0862 /* PBXTargetDependency */ = {
			isa = PBXTargetDependency;
			target = C3D41E192A38D81D00CB0862 /* BMI Calculator */;
			targetProxy = C3D41E312A38D81F00CB0862 /* PBXContainerItemProxy */;
		};
		C3D41E3C2A38D81F00CB0862 /* PBXTargetDependency */ = {
			isa = PBXTargetDependency;
			target = C3D41E192A38D81D00CB0862 /* BMI Calculator */;
			targetProxy = C3D41E3B2A38D81F00CB0862 /* PBXContainerItemProxy */;
		};
/* End PBXTargetDependency section */

/* Begin PBXVariantGroup section */
		C3D41E232A38D81D00CB0862 /* Main.storyboard */ = {
			isa = PBXVariantGroup;
			children = (
				C3D41E242A38D81D00CB0862 /* Base */,
			);
			name = Main.storyboard;
			sourceTree = "<group>";
		};
		C3D41E282A38D81F00CB0862 /* LaunchScreen.storyboard */ = {
			isa = PBXVariantGroup;
			children = (
				C3D41E292A38D81F00CB0862 /* Base */,
			);
			name = LaunchScreen.storyboard;
			sourceTree = "<group>";
		};
/* End PBXVariantGroup section */

/* Begin XCBuildConfiguration section */
		C3D41E422A38D81F00CB0862 /* Debug */ = {
			isa = XCBuildConfiguration;
			buildSettings = {
				ALWAYS_SEARCH_USER_PATHS = NO;
				CLANG_ANALYZER_NONNULL = YES;
				CLANG_ANALYZER_NUMBER_OBJECT_CONVERSION = YES_AGGRESSIVE;
				CLANG_CXX_LANGUAGE_STANDARD = "gnu++20";
				CLANG_ENABLE_MODULES = YES;
				CLANG_ENABLE_OBJC_ARC = YES;
				CLANG_ENABLE_OBJC_WEAK = YES;
				CLANG_WARN_BLOCK_CAPTURE_AUTORELEASING = YES;
				CLANG_WARN_BOOL_CONVERSION = YES;
				CLANG_WARN_COMMA = YES;
				CLANG_WARN_CONSTANT_CONVERSION = YES;
				CLANG_WARN_DEPRECATED_OBJC_IMPLEMENTATIONS = YES;
				CLANG_WARN_DIRECT_OBJC_ISA_USAGE = YES_ERROR;
				CLANG_WARN_DOCUMENTATION_COMMENTS = YES;
				CLANG_WARN_EMPTY_BODY = YES;
				CLANG_WARN_ENUM_CONVERSION = YES;
				CLANG_WARN_INFINITE_RECURSION = YES;
				CLANG_WARN_INT_CONVERSION = YES;
				CLANG_WARN_NON_LITERAL_NULL_CONVERSION = YES;
				CLANG_WARN_OBJC_IMPLICIT_RETAIN_SELF = YES;
				CLANG_WARN_OBJC_LITERAL_CONVERSION = YES;
				CLANG_WARN_OBJC_ROOT_CLASS = YES_ERROR;
				CLANG_WARN_QUOTED_INCLUDE_IN_FRAMEWORK_HEADER = YES;
				CLANG_WARN_RANGE_LOOP_ANALYSIS = YES;
				CLANG_WARN_STRICT_PROTOTYPES = YES;
				CLANG_WARN_SUSPICIOUS_MOVE = YES;
				CLANG_WARN_UNGUARDED_AVAILABILITY = YES_AGGRESSIVE;
				CLANG_WARN_UNREACHABLE_CODE = YES;
				CLANG_WARN__DUPLICATE_METHOD_MATCH = YES;
				COPY_PHASE_STRIP = NO;
				DEBUG_INFORMATION_FORMAT = dwarf;
				ENABLE_STRICT_OBJC_MSGSEND = YES;
				ENABLE_TESTABILITY = YES;
				GCC_C_LANGUAGE_STANDARD = gnu11;
				GCC_DYNAMIC_NO_PIC = NO;
				GCC_NO_COMMON_BLOCKS = YES;
				GCC_OPTIMIZATION_LEVEL = 0;
				GCC_PREPROCESSOR_DEFINITIONS = (
					"DEBUG=1",
					"$(inherited)",
				);
				GCC_WARN_64_TO_32_BIT_CONVERSION = YES;
				GCC_WARN_ABOUT_RETURN_TYPE = YES_ERROR;
				GCC_WARN_UNDECLARED_SELECTOR = YES;
				GCC_WARN_UNINITIALIZED_AUTOS = YES_AGGRESSIVE;
				GCC_WARN_UNUSED_FUNCTION = YES;
				GCC_WARN_UNUSED_VARIABLE = YES;
				IPHONEOS_DEPLOYMENT_TARGET = 16.4;
				MTL_ENABLE_DEBUG_INFO = INCLUDE_SOURCE;
				MTL_FAST_MATH = YES;
				ONLY_ACTIVE_ARCH = YES;
				SDKROOT = iphoneos;
				SWIFT_ACTIVE_COMPILATION_CONDITIONS = DEBUG;
				SWIFT_OPTIMIZATION_LEVEL = "-Onone";
			};
			name = Debug;
		};
		C3D41E432A38D81F00CB0862 /* Release */ = {
			isa = XCBuildConfiguration;
			buildSettings = {
				ALWAYS_SEARCH_USER_PATHS = NO;
				CLANG_ANALYZER_NONNULL = YES;
				CLANG_ANALYZER_NUMBER_OBJECT_CONVERSION = YES_AGGRESSIVE;
				CLANG_CXX_LANGUAGE_STANDARD = "gnu++20";
				CLANG_ENABLE_MODULES = YES;
				CLANG_ENABLE_OBJC_ARC = YES;
				CLANG_ENABLE_OBJC_WEAK = YES;
				CLANG_WARN_BLOCK_CAPTURE_AUTORELEASING = YES;
				CLANG_WARN_BOOL_CONVERSION = YES;
				CLANG_WARN_COMMA = YES;
				CLANG_WARN_CONSTANT_CONVERSION = YES;
				CLANG_WARN_DEPRECATED_OBJC_IMPLEMENTATIONS = YES;
				CLANG_WARN_DIRECT_OBJC_ISA_USAGE = YES_ERROR;
				CLANG_WARN_DOCUMENTATION_COMMENTS = YES;
				CLANG_WARN_EMPTY_BODY = YES;
				CLANG_WARN_ENUM_CONVERSION = YES;
				CLANG_WARN_INFINITE_RECURSION = YES;
				CLANG_WARN_INT_CONVERSION = YES;
				CLANG_WARN_NON_LITERAL_NULL_CONVERSION = YES;
				CLANG_WARN_OBJC_IMPLICIT_RETAIN_SELF = YES;
				CLANG_WARN_OBJC_LITERAL_CONVERSION = YES;
				CLANG_WARN_OBJC_ROOT_CLASS = YES_ERROR;
				CLANG_WARN_QUOTED_INCLUDE_IN_FRAMEWORK_HEADER = YES;
				CLANG_WARN_RANGE_LOOP_ANALYSIS = YES;
				CLANG_WARN_STRICT_PROTOTYPES = YES;
				CLANG_WARN_SUSPICIOUS_MOVE = YES;
				CLANG_WARN_UNGUARDED_AVAILABILITY = YES_AGGRESSIVE;
				CLANG_WARN_UNREACHABLE_CODE = YES;
				CLANG_WARN__DUPLICATE_METHOD_MATCH = YES;
				COPY_PHASE_STRIP = NO;
				DEBUG_INFORMATION_FORMAT = "dwarf-with-dsym";
				ENABLE_NS_ASSERTIONS = NO;
				ENABLE_STRICT_OBJC_MSGSEND = YES;
				GCC_C_LANGUAGE_STANDARD = gnu11;
				GCC_NO_COMMON_BLOCKS = YES;
				GCC_WARN_64_TO_32_BIT_CONVERSION = YES;
				GCC_WARN_ABOUT_RETURN_TYPE = YES_ERROR;
				GCC_WARN_UNDECLARED_SELECTOR = YES;
				GCC_WARN_UNINITIALIZED_AUTOS = YES_AGGRESSIVE;
				GCC_WARN_UNUSED_FUNCTION = YES;
				GCC_WARN_UNUSED_VARIABLE = YES;
				IPHONEOS_DEPLOYMENT_TARGET = 16.4;
				MTL_ENABLE_DEBUG_INFO = NO;
				MTL_FAST_MATH = YES;
				SDKROOT = iphoneos;
				SWIFT_COMPILATION_MODE = wholemodule;
				SWIFT_OPTIMIZATION_LEVEL = "-O";
				VALIDATE_PRODUCT = YES;
			};
			name = Release;
		};
		C3D41E452A38D81F00CB0862 /* Debug */ = {
			isa = XCBuildConfiguration;
			buildSettings = {
				ASSETCATALOG_COMPILER_APPICON_NAME = AppIcon;
				ASSETCATALOG_COMPILER_GLOBAL_ACCENT_COLOR_NAME = AccentColor;
				CODE_SIGN_STYLE = Automatic;
				CURRENT_PROJECT_VERSION = 1;
				GENERATE_INFOPLIST_FILE = YES;
				INFOPLIST_FILE = "BMI Calculator/Info.plist";
				INFOPLIST_KEY_UIApplicationSupportsIndirectInputEvents = YES;
				INFOPLIST_KEY_UILaunchStoryboardName = LaunchScreen;
				INFOPLIST_KEY_UIMainStoryboardFile = Main;
				INFOPLIST_KEY_UISupportedInterfaceOrientations_iPad = "UIInterfaceOrientationPortrait UIInterfaceOrientationPortraitUpsideDown UIInterfaceOrientationLandscapeLeft UIInterfaceOrientationLandscapeRight";
				INFOPLIST_KEY_UISupportedInterfaceOrientations_iPhone = "UIInterfaceOrientationPortrait UIInterfaceOrientationLandscapeLeft UIInterfaceOrientationLandscapeRight";
				LD_RUNPATH_SEARCH_PATHS = (
					"$(inherited)",
					"@executable_path/Frameworks",
				);
				MARKETING_VERSION = 1.0;
				PRODUCT_BUNDLE_IDENTIFIER = "tin.learn.BMI-Calculator";
				PRODUCT_NAME = "$(TARGET_NAME)";
				SWIFT_EMIT_LOC_STRINGS = YES;
				SWIFT_VERSION = 5.0;
				TARGETED_DEVICE_FAMILY = "1,2";
			};
			name = Debug;
		};
		C3D41E462A38D81F00CB0862 /* Release */ = {
			isa = XCBuildConfiguration;
			buildSettings = {
				ASSETCATALOG_COMPILER_APPICON_NAME = AppIcon;
				ASSETCATALOG_COMPILER_GLOBAL_ACCENT_COLOR_NAME = AccentColor;
				CODE_SIGN_STYLE = Automatic;
				CURRENT_PROJECT_VERSION = 1;
				GENERATE_INFOPLIST_FILE = YES;
				INFOPLIST_FILE = "BMI Calculator/Info.plist";
				INFOPLIST_KEY_UIApplicationSupportsIndirectInputEvents = YES;
				INFOPLIST_KEY_UILaunchStoryboardName = LaunchScreen;
				INFOPLIST_KEY_UIMainStoryboardFile = Main;
				INFOPLIST_KEY_UISupportedInterfaceOrientations_iPad = "UIInterfaceOrientationPortrait UIInterfaceOrientationPortraitUpsideDown UIInterfaceOrientationLandscapeLeft UIInterfaceOrientationLandscapeRight";
				INFOPLIST_KEY_UISupportedInterfaceOrientations_iPhone = "UIInterfaceOrientationPortrait UIInterfaceOrientationLandscapeLeft UIInterfaceOrientationLandscapeRight";
				LD_RUNPATH_SEARCH_PATHS = (
					"$(inherited)",
					"@executable_path/Frameworks",
				);
				MARKETING_VERSION = 1.0;
				PRODUCT_BUNDLE_IDENTIFIER = "tin.learn.BMI-Calculator";
				PRODUCT_NAME = "$(TARGET_NAME)";
				SWIFT_EMIT_LOC_STRINGS = YES;
				SWIFT_VERSION = 5.0;
				TARGETED_DEVICE_FAMILY = "1,2";
			};
			name = Release;
		};
		C3D41E482A38D81F00CB0862 /* Debug */ = {
			isa = XCBuildConfiguration;
			buildSettings = {
				ALWAYS_EMBED_SWIFT_STANDARD_LIBRARIES = YES;
				BUNDLE_LOADER = "$(TEST_HOST)";
				CODE_SIGN_STYLE = Automatic;
				CURRENT_PROJECT_VERSION = 1;
				GENERATE_INFOPLIST_FILE = YES;
				IPHONEOS_DEPLOYMENT_TARGET = 16.4;
				MARKETING_VERSION = 1.0;
				PRODUCT_BUNDLE_IDENTIFIER = "tin.learn.BMI-CalculatorTests";
				PRODUCT_NAME = "$(TARGET_NAME)";
				SWIFT_EMIT_LOC_STRINGS = NO;
				SWIFT_VERSION = 5.0;
				TARGETED_DEVICE_FAMILY = "1,2";
				TEST_HOST = "$(BUILT_PRODUCTS_DIR)/BMI Calculator.app/$(BUNDLE_EXECUTABLE_FOLDER_PATH)/BMI Calculator";
			};
			name = Debug;
		};
		C3D41E492A38D81F00CB0862 /* Release */ = {
			isa = XCBuildConfiguration;
			buildSettings = {
				ALWAYS_EMBED_SWIFT_STANDARD_LIBRARIES = YES;
				BUNDLE_LOADER = "$(TEST_HOST)";
				CODE_SIGN_STYLE = Automatic;
				CURRENT_PROJECT_VERSION = 1;
				GENERATE_INFOPLIST_FILE = YES;
				IPHONEOS_DEPLOYMENT_TARGET = 16.4;
				MARKETING_VERSION = 1.0;
				PRODUCT_BUNDLE_IDENTIFIER = "tin.learn.BMI-CalculatorTests";
				PRODUCT_NAME = "$(TARGET_NAME)";
				SWIFT_EMIT_LOC_STRINGS = NO;
				SWIFT_VERSION = 5.0;
				TARGETED_DEVICE_FAMILY = "1,2";
				TEST_HOST = "$(BUILT_PRODUCTS_DIR)/BMI Calculator.app/$(BUNDLE_EXECUTABLE_FOLDER_PATH)/BMI Calculator";
			};
			name = Release;
		};
		C3D41E4B2A38D81F00CB0862 /* Debug */ = {
			isa = XCBuildConfiguration;
			buildSettings = {
				ALWAYS_EMBED_SWIFT_STANDARD_LIBRARIES = YES;
				CODE_SIGN_STYLE = Automatic;
				CURRENT_PROJECT_VERSION = 1;
				GENERATE_INFOPLIST_FILE = YES;
				MARKETING_VERSION = 1.0;
				PRODUCT_BUNDLE_IDENTIFIER = "tin.learn.BMI-CalculatorUITests";
				PRODUCT_NAME = "$(TARGET_NAME)";
				SWIFT_EMIT_LOC_STRINGS = NO;
				SWIFT_VERSION = 5.0;
				TARGETED_DEVICE_FAMILY = "1,2";
				TEST_TARGET_NAME = "BMI Calculator";
			};
			name = Debug;
		};
		C3D41E4C2A38D81F00CB0862 /* Release */ = {
			isa = XCBuildConfiguration;
			buildSettings = {
				ALWAYS_EMBED_SWIFT_STANDARD_LIBRARIES = YES;
				CODE_SIGN_STYLE = Automatic;
				CURRENT_PROJECT_VERSION = 1;
				GENERATE_INFOPLIST_FILE = YES;
				MARKETING_VERSION = 1.0;
				PRODUCT_BUNDLE_IDENTIFIER = "tin.learn.BMI-CalculatorUITests";
				PRODUCT_NAME = "$(TARGET_NAME)";
				SWIFT_EMIT_LOC_STRINGS = NO;
				SWIFT_VERSION = 5.0;
				TARGETED_DEVICE_FAMILY = "1,2";
				TEST_TARGET_NAME = "BMI Calculator";
			};
			name = Release;
		};
/* End XCBuildConfiguration section */

/* Begin XCConfigurationList section */
		C3D41E152A38D81D00CB0862 /* Build configuration list for PBXProject "BMI Calculator" */ = {
			isa = XCConfigurationList;
			buildConfigurations = (
				C3D41E422A38D81F00CB0862 /* Debug */,
				C3D41E432A38D81F00CB0862 /* Release */,
			);
			defaultConfigurationIsVisible = 0;
			defaultConfigurationName = Release;
		};
		C3D41E442A38D81F00CB0862 /* Build configuration list for PBXNativeTarget "BMI Calculator" */ = {
			isa = XCConfigurationList;
			buildConfigurations = (
				C3D41E452A38D81F00CB0862 /* Debug */,
				C3D41E462A38D81F00CB0862 /* Release */,
			);
			defaultConfigurationIsVisible = 0;
			defaultConfigurationName = Release;
		};
		C3D41E472A38D81F00CB0862 /* Build configuration list for PBXNativeTarget "BMI CalculatorTests" */ = {
			isa = XCConfigurationList;
			buildConfigurations = (
				C3D41E482A38D81F00CB0862 /* Debug */,
				C3D41E492A38D81F00CB0862 /* Release */,
			);
			defaultConfigurationIsVisible = 0;
			defaultConfigurationName = Release;
		};
		C3D41E4A2A38D81F00CB0862 /* Build configuration list for PBXNativeTarget "BMI CalculatorUITests" */ = {
			isa = XCConfigurationList;
			buildConfigurations = (
				C3D41E4B2A38D81F00CB0862 /* Debug */,
				C3D41E4C2A38D81F00CB0862 /* Release */,
			);
			defaultConfigurationIsVisible = 0;
			defaultConfigurationName = Release;
		};
/* End XCConfigurationList section */
	};
	rootObject = C3D41E122A38D81D00CB0862 /* Project object */;
}
